{
    "_readme": [
        "This file locks the dependencies of your project to a known state",
        "Read more about it at http://getcomposer.org/doc/01-basic-usage.md#composer-lock-the-lock-file"
    ],
    "hash": "7e5ea858bc766a7af50bf385cb446943",
    "packages": [
        {
            "name": "avstudnitz/admin-notification-advanced",
            "version": "dev-master",
            "source": {
                "type": "git",
                "url": "https://github.com/avstudnitz/AvS_AdminNotificationAdvanced.git",
                "reference": "aba9a8fa2a9c392d15929d1c997fdf1699820292"
            },
            "dist": {
                "type": "zip",
                "url": "https://api.github.com/repos/avstudnitz/AvS_AdminNotificationAdvanced/zipball/aba9a8fa2a9c392d15929d1c997fdf1699820292",
                "reference": "aba9a8fa2a9c392d15929d1c997fdf1699820292",
                "shasum": ""
            },
            "require": {
                "magento-hackathon/magento-composer-installer": "dev-master"
            },
            "type": "magento-module",
            "description": "Adds options to mark all messages unread or remove all messages from admin notification popup and toolbar.",
            "homepage": "https://github.com/avstudnitz/AvS_AdminNotificationAdvanced",
            "support": {
                "source": "https://github.com/avstudnitz/AvS_AdminNotificationAdvanced/tree/master",
                "issues": "https://github.com/avstudnitz/AvS_AdminNotificationAdvanced/issues"
            },
            "time": "2013-08-05 08:21:22"
        },
        {
            "name": "avstudnitz/scopehint",
            "version": "dev-master",
            "source": {
                "type": "git",
                "url": "git://github.com/avstudnitz/AvS_ScopeHint.git",
                "reference": "c5254bd7ada6c8115ab9dc070923bcc4813df3ce"
            },
            "dist": {
                "type": "zip",
                "url": "https://github.com/avstudnitz/AvS_ScopeHint/zipball/c5254bd7ada6c8115ab9dc070923bcc4813df3ce",
                "reference": "c5254bd7ada6c8115ab9dc070923bcc4813df3ce",
                "shasum": ""
            },
            "require": {
                "magento-hackathon/magento-composer-installer": "*"
            },
            "type": "magento-module",
            "description": "Creates a warning if a configuration setting, product data or category data is overwritten on a lower level (website or store view)",
            "homepage": "https://github.com/avstudnitz/AvS_ScopeHint",
            "support": {
                "source": "https://github.com/avstudnitz/AvS_ScopeHint/tree/master",
                "issues": "https://github.com/avstudnitz/AvS_ScopeHint/issues"
            },
            "time": "2013-08-06 22:05:50"
        },
        {
            "name": "billsafe/billsafe",
            "version": "dev-master",
            "source": {
                "type": "git",
                "url": "https://github.com/integer-net/BillSAFE.git",
                "reference": "e510f4345b8b8841898402f861b4e43152aba0b4"
            },
            "dist": {
                "type": "zip",
                "url": "https://api.github.com/repos/integer-net/BillSAFE/zipball/e510f4345b8b8841898402f861b4e43152aba0b4",
                "reference": "e510f4345b8b8841898402f861b4e43152aba0b4",
                "shasum": ""
            },
            "require": {
                "magento-hackathon/magento-composer-installer": "*"
            },
            "type": "magento-module",
            "description": "Payment module for invoice and rate payment",
            "homepage": "hhttp://www.magentocommerce.com/magento-connect/billsafe-3890.html",
            "support": {
                "source": "https://github.com/integer-net/BillSAFE/tree/master",
                "issues": "https://github.com/integer-net/BillSAFE/issues"
            },
            "time": "2013-08-27 07:27:11"
        },
        {
            "name": "connect20/CashOnDelivery",
            "version": "0.4.3",
            "dist": {
                "type": "tar",
                "url": "http://connect20.magentocommerce.com/community/CashOnDelivery/0.4.3/CashOnDelivery-0.4.3.tgz",
                "reference": null,
                "shasum": null
            },
            "require": {
                "magento-hackathon/magento-composer-installer": "*"
            },
            "type": "magento-module",
            "extra": {
                "package-xml": "package.xml"
            },
            "license": [
                "Open-Software-License-(OSL)"
            ],
            "authors": [
                {
                    "name": "Phoenix Medien",
                    "email": "info@phoenix-medien.de"
                }
            ],
            "description": "Cash on Delivery allows to book additional fee on delivery depending on inland or international delivery."
        },
        {
            "name": "connect20/DerModPro_BasePrice",
            "version": "0.3.0",
            "dist": {
                "type": "tar",
                "url": "http://connect20.magentocommerce.com/community/DerModPro_BasePrice/0.3.0/DerModPro_BasePrice-0.3.0.tgz",
                "reference": null,
                "shasum": null
            },
            "require": {
                "magento-hackathon/magento-composer-installer": "*"
            },
            "type": "magento-module",
            "extra": {
                "package-xml": "package.xml"
            },
            "license": [
                "OSL-v3.0"
            ],
            "authors": [
                {
                    "name": "Vinai Kopp",
                    "email": "info@der-modulprogrammierer.de"
                }
            ],
            "description": "This extension enables you to display the base price for products.  E.g. if you sell\ndifferent quantities of oil, you can enter the amount each bottle contains (like 250ml)\nand a reference unit (like liter), and the price per liter is calculated and displayed."
        },
        {
            "name": "connect20/Locale_Mage_community_fr_FR",
            "version": "1.7.0.1",
            "dist": {
                "type": "tar",
                "url": "http://connect20.magentocommerce.com/community/Locale_Mage_community_fr_FR/1.7.0.1/Locale_Mage_community_fr_FR-1.7.0.1.tgz",
                "reference": null,
                "shasum": null
            },
            "require": {
                "magento-hackathon/magento-composer-installer": "*"
            },
            "type": "magento-module",
            "extra": {
                "package-xml": "package.xml"
            },
            "license": [
                "AFL-v3.0"
            ],
            "authors": [
                {
                    "name": "SeL",
                    "email": "seb.lepers@gmail.com"
                }
            ],
            "description": "Magento Community Modules - French (France) Language Pack"
        },
        {
            "name": "connect20/Locale_Mage_community_it_IT",
            "version": "1.7.0.210",
            "dist": {
                "type": "tar",
                "url": "http://connect20.magentocommerce.com/community/Locale_Mage_community_it_IT/1.7.0.2.10/Locale_Mage_community_it_IT-1.7.0.2.10.tgz",
                "reference": null,
                "shasum": null
            },
            "require": {
                "magento-hackathon/magento-composer-installer": "*"
            },
            "type": "magento-module",
            "extra": {
                "package-xml": "package.xml"
            },
            "license": [
                "Academic-Free-License-(AFL)"
            ],
            "authors": [
                {
                    "name": "Antonio Carboni",
                    "email": "magento@antoniocarboni.com"
                }
            ],
            "description": "Magento Community Modules -  Pacchetto di lingua italiano (Italia)&#xD;\n"
        },
        {
            "name": "etws/et_russianlanguagepack",
            "version": "dev-master",
            "source": {
                "type": "git",
                "url": "https://avstudnitz@bitbucket.org/etws/et_russianlanguagepack.git",
                "reference": "3ce249f4aff4e19d0cc46fac294d1b3f6a6127fd"
            },
            "require": {
                "magento-hackathon/magento-composer-installer": "*"
            },
            "type": "magento-module",
            "authors": [
                {
                    "name": "ET Web Solutions"
                }
            ],
            "description": "ET Russian Language Pack",
            "homepage": "http://shop.etwebsolutions.com/eng/magento-extensions/et-russian-language-pack.html",
            "time": "2013-08-20 09:37:00"
        },
        {
            "name": "fbrnc/aoe_jscsststamp",
            "version": "dev-master",
            "source": {
                "type": "git",
                "url": "git://github.com/fbrnc/Aoe_JsCssTstamp.git",
                "reference": "d00b299c9943dd2e64109bd665f6b74bb6e1455d"
            },
            "dist": {
                "type": "zip",
                "url": "https://github.com/fbrnc/Aoe_JsCssTstamp/zipball/d00b299c9943dd2e64109bd665f6b74bb6e1455d",
                "reference": "d00b299c9943dd2e64109bd665f6b74bb6e1455d",
                "shasum": ""
            },
            "require": {
                "magento-hackathon/magento-composer-installer": "*"
            },
            "type": "magento-module",
            "license": [
                "OSL-3.0"
            ],
            "authors": [
                {
                    "name": "Fabrizio Branca",
                    "email": "mail@{firstname}-{lastname}.de"
                }
            ],
            "description": "Automatic Versioning of JS and CSS files for Magento.",
            "homepage": "https://github.com/fbrnc/Aoe_JsCssTstamp",
            "support": {
                "source": "https://github.com/fbrnc/Aoe_JsCssTstamp/tree/master",
                "issues": "https://github.com/fbrnc/Aoe_JsCssTstamp/issues"
            },
            "time": "2013-06-10 04:57:50"
        },
        {
            "name": "fbrnc/aoe_managestores",
            "version": "dev-master",
            "source": {
                "type": "git",
                "url": "git://github.com/fbrnc/Aoe_ManageStores.git",
                "reference": "v0.2.1"
            },
            "dist": {
                "type": "zip",
                "url": "https://github.com/fbrnc/Aoe_ManageStores/zipball/v0.2.1",
                "reference": "v0.2.1",
                "shasum": ""
            },
            "require": {
                "magento-hackathon/magento-composer-installer": "*"
            },
            "type": "magento-module",
            "license": [
                "OSL-3.0"
            ],
            "authors": [
                {
                    "name": "Fabrizio Branca",
                    "email": "mail@{firstname}-{lastname}.de"
                }
            ],
            "description": "Better stores management interface for Magento.",
            "homepage": "https://github.com/fbrnc/Aoe_ManageStores",
            "support": {
                "source": "https://github.com/fbrnc/Aoe_ManageStores/tree/v0.2.1",
                "issues": "https://github.com/fbrnc/Aoe_ManageStores/issues"
            },
            "time": "2013-03-09 06:03:05"
        },
        {
            "name": "firegento/magesetup",
            "version": "dev-development",
            "source": {
                "type": "git",
                "url": "https://github.com/firegento/firegento-magesetup.git",
                "reference": "caf640d44e1e688f57f71d0e5db752fc6fe687dc"
            },
            "dist": {
                "type": "zip",
                "url": "https://api.github.com/repos/firegento/firegento-magesetup/zipball/caf640d44e1e688f57f71d0e5db752fc6fe687dc",
                "reference": "caf640d44e1e688f57f71d0e5db752fc6fe687dc",
                "shasum": ""
            },
            "require": {
                "magento-hackathon/magento-composer-installer": "*"
            },
            "type": "magento-module",
            "license": [
                "GPL-3.0"
            ],
            "description": "MageSetup ist eine deutlich verbesserte Alternative zu bereits existierenden Modulen.",
            "homepage": "https://github.com/firegento/firegento-magesetup",
            "support": {
                "source": "https://github.com/firegento/firegento-magesetup/tree/development",
                "issues": "https://github.com/firegento/firegento-magesetup/issues"
            },
            "time": "2013-08-26 16:19:35"
        },
        {
            "name": "firegento/pdf",
            "version": "dev-development",
            "source": {
                "type": "git",
                "url": "git://github.com/firegento/firegento-pdf.git",
                "reference": "199492596458a06a7301648e51e06c17c4f92197"
            },
            "dist": {
                "type": "zip",
                "url": "https://github.com/firegento/firegento-pdf/zipball/199492596458a06a7301648e51e06c17c4f92197",
                "reference": "199492596458a06a7301648e51e06c17c4f92197",
                "shasum": ""
            },
            "require": {
                "magento-hackathon/magento-composer-installer": "*"
            },
            "type": "magento-module",
            "license": [
                "GPL-3.0"
            ],
            "description": "FireGento Pdf overwrites standard PDF layouts for invoices and shipments.",
            "homepage": "https://github.com/firegento/firegento-pdf",
            "support": {
                "source": "https://github.com/firegento/firegento-pdf/tree/development",
                "issues": "https://github.com/firegento/firegento-pdf/issues"
            },
            "time": "2013-08-15 06:56:36"
        },
        {
            "name": "ikonoshirt/customadminnotifications",
            "version": "dev-master",
            "source": {
                "type": "git",
                "url": "https://github.com/ikonoshirt/CustomAdminNotifications.git",
                "reference": "88807e2154ed018c8a5da53c88fae5705cda9a01"
            },
            "dist": {
                "type": "zip",
                "url": "https://api.github.com/repos/ikonoshirt/CustomAdminNotifications/zipball/88807e2154ed018c8a5da53c88fae5705cda9a01",
                "reference": "88807e2154ed018c8a5da53c88fae5705cda9a01",
                "shasum": ""
            },
            "require": {
                "magento-hackathon/magento-composer-installer": "dev-master"
            },
            "type": "magento-module",
            "description": "Add own RSS Feeds to admin notifications.",
            "homepage": "https://github.com/ikonoshirt/CustomAdminNotifications",
            "support": {
                "source": "https://github.com/ikonoshirt/CustomAdminNotifications/tree/master",
                "issues": "https://github.com/ikonoshirt/CustomAdminNotifications/issues"
            },
            "time": "2013-08-06 13:56:13"
        },
        {
            "name": "integer-net/autoshipping",
            "version": "dev-master",
            "source": {
                "type": "git",
                "url": "https://github.com/integer-net/Autoshipping.git",
                "reference": "3fd94e82fa7f3020e275e2e76f2ea76ef59e3761"
            },
            "dist": {
                "type": "zip",
                "url": "https://api.github.com/repos/integer-net/Autoshipping/zipball/3fd94e82fa7f3020e275e2e76f2ea76ef59e3761",
                "reference": "3fd94e82fa7f3020e275e2e76f2ea76ef59e3761",
                "shasum": ""
            },
            "require": {
                "magento-hackathon/magento-composer-installer": "*"
            },
            "type": "magento-module",
            "description": "Provide shipping costs in Magento Cart, plus the ability to change the country there",
            "homepage": "https://github.com/integer-net/Autoshipping",
            "support": {
                "source": "https://github.com/integer-net/Autoshipping/tree/master",
                "issues": "https://github.com/integer-net/Autoshipping/issues"
            },
            "time": "2013-08-05 08:22:19"
        },
        {
            "name": "integer-net/magento-localized-at",
            "version": "dev-master",
            "source": {
                "type": "git",
                "url": "https://github.com/integer-net/MagentoLocalizedAT.git",
                "reference": "c085683f82b05a7145396d7a0f6cac9a1322e613"
            },
            "dist": {
                "type": "zip",
                "url": "https://api.github.com/repos/integer-net/MagentoLocalizedAT/zipball/c085683f82b05a7145396d7a0f6cac9a1322e613",
                "reference": "c085683f82b05a7145396d7a0f6cac9a1322e613",
                "shasum": ""
            },
            "require": {
                "magento-hackathon/magento-composer-installer": "*"
            },
            "type": "magento-module",
            "description": "Austrian Localization package for Magento Localized (aka Magento AT)",
            "homepage": "https://github.com/integer-net/MagentoLocalizedAT",
            "support": {
                "source": "https://github.com/integer-net/MagentoLocalizedAT/tree/master",
                "issues": "https://github.com/integer-net/MagentoLocalizedAT/issues"
            },
            "time": "2013-08-26 10:23:28"
        },
        {
            "name": "integer-net/magento-localized-ch",
            "version": "dev-master",
            "source": {
                "type": "git",
                "url": "https://github.com/integer-net/MagentoLocalizedCH.git",
                "reference": "b669d1345ea7996fb4a420a325f59ea0f8db9f78"
            },
            "dist": {
                "type": "zip",
                "url": "https://api.github.com/repos/integer-net/MagentoLocalizedCH/zipball/b669d1345ea7996fb4a420a325f59ea0f8db9f78",
                "reference": "b669d1345ea7996fb4a420a325f59ea0f8db9f78",
                "shasum": ""
            },
            "require": {
                "magento-hackathon/magento-composer-installer": "*"
            },
            "type": "magento-module",
            "description": "Swiss Localization package for Magento Localized (aka Magento CH)",
            "homepage": "https://github.com/integer-net/MagentoLocalizedCH",
            "support": {
                "source": "https://github.com/integer-net/MagentoLocalizedCH/tree/master",
                "issues": "https://github.com/integer-net/MagentoLocalizedCH/issues"
            },
            "time": "2013-08-26 10:24:12"
        },
        {
            "name": "integer-net/magento-localized-de",
            "version": "dev-master",
            "source": {
                "type": "git",
                "url": "https://github.com/integer-net/MagentoLocalizedDE.git",
                "reference": "8200ebdc5151540caa19b0159345594e22675470"
            },
            "dist": {
                "type": "zip",
                "url": "https://api.github.com/repos/integer-net/MagentoLocalizedDE/zipball/8200ebdc5151540caa19b0159345594e22675470",
                "reference": "8200ebdc5151540caa19b0159345594e22675470",
                "shasum": ""
            },
            "require": {
                "magento-hackathon/magento-composer-installer": "*"
            },
            "type": "magento-module",
            "description": "German Localization package for Magento Localized (aka Magento DE)",
            "homepage": "https://github.com/integer-net/MagentoLocalizedDE",
            "support": {
                "source": "https://github.com/integer-net/MagentoLocalizedDE/tree/master",
                "issues": "https://github.com/integer-net/MagentoLocalizedDE/issues"
            },
            "time": "2013-08-26 10:24:41"
        },
        {
            "name": "integer-net/magento-localized-ebay",
            "version": "dev-master",
            "source": {
                "type": "git",
                "url": "https://github.com/integer-net/MagentoLocalizedEbay.git",
                "reference": "3d4920148681c93c4fd54c3bed0b359a94a5abbd"
            },
            "dist": {
                "type": "zip",
                "url": "https://api.github.com/repos/integer-net/MagentoLocalizedEbay/zipball/3d4920148681c93c4fd54c3bed0b359a94a5abbd",
                "reference": "3d4920148681c93c4fd54c3bed0b359a94a5abbd",
                "shasum": ""
            },
            "require": {
                "magento-hackathon/magento-composer-installer": "*"
            },
            "type": "magento-module",
            "description": "Ebay edition package for Magento Localized",
            "homepage": "https://github.com/integer-net/MagentoLocalizedEbay",
            "support": {
                "source": "https://github.com/integer-net/MagentoLocalizedEbay/tree/master",
                "issues": "https://github.com/integer-net/MagentoLocalizedEbay/issues"
            },
            "time": "2013-08-26 14:51:41"
        },
        {
            "name": "integer-net/magento-localized-ru",
            "version": "dev-master",
            "source": {
                "type": "git",
                "url": "https://github.com/integer-net/MagentoLocalizedRU.git",
                "reference": "829dc3b9c73d47b8b60152f337ba6e5776c4b01b"
            },
            "dist": {
                "type": "zip",
                "url": "https://api.github.com/repos/integer-net/MagentoLocalizedRU/zipball/829dc3b9c73d47b8b60152f337ba6e5776c4b01b",
                "reference": "829dc3b9c73d47b8b60152f337ba6e5776c4b01b",
                "shasum": ""
            },
            "require": {
                "magento-hackathon/magento-composer-installer": "*"
            },
            "type": "magento-module",
            "description": "Russian Localization package for Magento Localized (aka Magento RU)",
            "homepage": "https://github.com/integer-net/MagentoLocalizedRU",
            "support": {
                "source": "https://github.com/integer-net/MagentoLocalizedRU/tree/master",
                "issues": "https://github.com/integer-net/MagentoLocalizedRU/issues"
            },
            "time": "2013-08-26 10:25:04"
        },
        {
            "name": "integer-net/removecustomeraccountlinks",
            "version": "dev-master",
            "source": {
                "type": "git",
                "url": "git://github.com/integer-net/RemoveCustomerAccountLinks.git",
                "reference": "9b495c58b65c9389db36842ba9ffeb5cd32eafdc"
            },
            "dist": {
                "type": "zip",
                "url": "https://github.com/integer-net/RemoveCustomerAccountLinks/zipball/9b495c58b65c9389db36842ba9ffeb5cd32eafdc",
                "reference": "9b495c58b65c9389db36842ba9ffeb5cd32eafdc",
                "shasum": ""
            },
            "require": {
                "magento-hackathon/magento-composer-installer": "*"
            },
            "type": "magento-module",
            "extra": {
                "map": [
                    [
                        "app/code/community/IntegerNet/RemoveCustomerAccountLinks",
                        "app/code/community/IntegerNet/RemoveCustomerAccountLinks"
                    ],
                    [
                        "app/etc/modules/IntegerNet_RemoveCustomerAccountLinks.xml",
                        "app/etc/modules/IntegerNet_RemoveCustomerAccountLinks.xml"
                    ],
                    [
                        "app/locale/de_DE/IntegerNet_RemoveCustomerAccountLinks.csv",
                        "app/locale/de_DE/IntegerNet_RemoveCustomerAccountLinks.csv"
                    ]
                ]
            },
            "license": [
                "OSL-3.0"
            ],
            "authors": [
                {
                    "name": "Christian Philipp"
                }
            ],
            "description": "Removes customer account links in Magento.",
            "homepage": "https://github.com/integer-net/RemoveCustomerAccountLinks",
            "support": {
                "source": "https://github.com/integer-net/RemoveCustomerAccountLinks/tree/master",
                "issues": "https://github.com/integer-net/RemoveCustomerAccountLinks/issues"
            },
            "time": "2013-08-06 18:43:59"
        },
        {
            "name": "itabs/invoice",
            "version": "dev-master",
            "source": {
                "type": "git",
                "url": "git://github.com/itabs/Itabs_Invoice.git",
                "reference": "v1.1.0"
            },
            "dist": {
                "type": "zip",
                "url": "https://github.com/itabs/Itabs_Invoice/zipball/v1.1.0",
                "reference": "v1.1.0",
                "shasum": ""
            },
            "require": {
                "magento-hackathon/magento-composer-installer": "*"
            },
            "type": "magento-module",
            "license": [
                "OSL-3.0"
            ],
            "authors": [
                {
                    "name": "Rouven Alexander Rieker",
                    "email": "therouv@googlemail.com"
                }
            ],
            "description": "Provides the payment method Invoice",
            "homepage": "https://github.com/itabs/Itabs_Invoice",
            "support": {
                "source": "https://github.com/itabs/Itabs_Invoice/tree/v1.1.0",
                "issues": "https://github.com/itabs/Itabs_Invoice/issues"
            },
            "time": "2013-04-11 09:47:12"
        },
        {
            "name": "magento-hackathon/localefallback",
            "version": "dev-master",
            "source": {
                "type": "git",
                "url": "https://github.com/magento-hackathon/Hackathon_LocaleFallback.git",
                "reference": "6de1846bb9c0ace7d6fa6a7d3eb39593de458fdb"
            },
            "dist": {
                "type": "zip",
                "url": "https://api.github.com/repos/magento-hackathon/Hackathon_LocaleFallback/zipball/6de1846bb9c0ace7d6fa6a7d3eb39593de458fdb",
                "reference": "6de1846bb9c0ace7d6fa6a7d3eb39593de458fdb",
                "shasum": ""
            },
            "require": {
                "magento-hackathon/magento-composer-installer": "*"
            },
            "type": "magento-module",
            "license": [
                "OSL-3.0"
            ],
            "description": "Allows a fallback for locales (translations, emails etc.)",
            "homepage": "https://github.com/magento-hackathon/Hackathon_LocaleFallback",
            "support": {
                "source": "https://github.com/magento-hackathon/Hackathon_LocaleFallback/tree/master"
            },
            "time": "2013-08-02 13:39:57"
        },
        {
            "name": "magento-hackathon/magento-composer-installer",
            "version": "dev-master",
            "source": {
                "type": "git",
                "url": "git://github.com/magento-hackathon/magento-composer-installer.git",
                "reference": "74e496d5fd3bb517ecee064f2343a6744d2ab19e"
            },
            "dist": {
                "type": "zip",
                "url": "https://github.com/magento-hackathon/magento-composer-installer/zipball/74e496d5fd3bb517ecee064f2343a6744d2ab19e",
                "reference": "74e496d5fd3bb517ecee064f2343a6744d2ab19e",
                "shasum": ""
            },
            "require-dev": {
                "composer/composer": "*",
                "phpunit/phpunit": "*"
            },
            "suggest": {
                "magento-hackathon/composer-command-integrator": "*"
            },
            "type": "composer-installer",
            "extra": {
                "composer-command-registry": [
                    "MagentoHackathon\\Composer\\Magento\\Command\\DeployCommand"
                ],
                "class": "MagentoHackathon\\Composer\\Magento\\Installer"
            },
            "autoload": {
                "psr-0": {
                    "MagentoHackathon\\Composer\\Magento": "src/"
                }
            },
            "license": [
                "OSL-3.0"
            ],
            "authors": [
                {
                    "name": "Daniel Fahlke aka Flyingmana",
                    "email": "daniel@digitalmanufaktur.com"
                },
                {
                    "name": "Jörg Weller",
                    "email": "weller@flagbit.de"
                },
                {
                    "name": "Karl Spies",
                    "email": "karl.spies@gmx.net"
                },
                {
                    "name": "Tobias Vogt",
                    "email": "tobi@webguys.de"
                },
                {
                    "name": "David Fuhr",
                    "email": "fuhr@flagbit.de"
                },
                {
                    "name": "Vinai Kopp",
                    "email": "vinai@netzarbeiter.com"
                }
            ],
            "description": "Composer installer for Magento modules",
            "homepage": "https://github.com/magento-hackathon/magento-composer-installer",
            "keywords": [
                "composer-installer",
                "magento"
            ],
            "support": {
                "source": "https://github.com/magento-hackathon/magento-composer-installer/tree/master",
                "issues": "https://github.com/magento-hackathon/magento-composer-installer/issues"
            },
            "time": "2013-07-31 04:30:45"
        },
        {
            "name": "riconeitzel/german-localepack-de-de",
            "version": "dev-preview",
            "source": {
                "type": "git",
                "url": "https://github.com/riconeitzel/German_LocalePack_de_DE.git",
                "reference": "25c6bdfae1443981873e2f1f5a2809ea3b7c7e62"
            },
            "dist": {
                "type": "zip",
                "url": "https://api.github.com/repos/riconeitzel/German_LocalePack_de_DE/zipball/25c6bdfae1443981873e2f1f5a2809ea3b7c7e62",
                "reference": "25c6bdfae1443981873e2f1f5a2809ea3b7c7e62",
                "shasum": ""
            },
            "require": {
                "magento-hackathon/magento-composer-installer": "*"
            },
            "type": "magento-module",
            "license": [
                "OSL-3.0"
            ],
            "authors": [
                {
                    "name": "Rico Neitzel"
                },
                {
                    "name": "Daniel Sasse"
                }
            ],
            "description": "German Community Translation",
            "support": {
                "source": "https://github.com/riconeitzel/German_LocalePack_de_DE/tree/preview",
                "issues": "https://github.com/riconeitzel/German_LocalePack_de_DE/issues"
            },
            "time": "2013-08-02 13:49:29"
        },
        {
            "name": "therouv/debitpayment",
            "version": "dev-master",
            "source": {
                "type": "git",
                "url": "git://github.com/therouv/Magento-DebitPayment.git",
                "reference": "d59b3f1e373894947cea2116225601d4dbe03979"
            },
            "dist": {
                "type": "zip",
                "url": "https://github.com/therouv/Magento-DebitPayment/zipball/d59b3f1e373894947cea2116225601d4dbe03979",
                "reference": "d59b3f1e373894947cea2116225601d4dbe03979",
                "shasum": ""
            },
            "require": {
                "magento-hackathon/magento-composer-installer": "*"
            },
            "type": "magento-module",
            "license": [
                "OSL-3.0"
            ],
            "authors": [
                {
                    "name": "Rouven Alexander Rieker",
                    "email": "therouv@googlemail.com"
                }
            ],
            "description": "Provides the payment method DebitPayment",
            "homepage": "https://github.com/therouv/Magento-DebitPayment",
            "support": {
                "source": "https://github.com/therouv/Magento-DebitPayment/tree/master",
                "issues": "https://github.com/therouv/Magento-DebitPayment/issues"
            },
            "time": "2013-08-15 15:51:51"
        },
        {
            "name": "tim-reynolds/magento-qconfig",
            "version": "dev-master",
            "source": {
                "type": "git",
                "url": "https://github.com/tim-reynolds/magento-qconfig.git",
                "reference": "1.0"
            },
            "dist": {
                "type": "zip",
                "url": "https://api.github.com/repos/tim-reynolds/magento-qconfig/zipball/1.0",
                "reference": "1.0",
                "shasum": ""
            },
            "require": {
                "magento-hackathon/magento-composer-installer": "*"
            },
            "type": "magento-module",
            "license": [
                "OSL-3.0"
            ],
            "authors": [
                {
                    "name": "Tim Reynolds"
                }
            ],
            "description": "Magento config quick search",
            "homepage": "https://github.com/tim-reynolds/",
            "support": {
                "source": "https://github.com/tim-reynolds/magento-qconfig/tree/1.0",
                "issues": "https://github.com/tim-reynolds/magento-qconfig/issues"
            },
            "time": "2013-07-31 19:42:16"
        }
    ],
    "packages-dev": [

    ],
    "aliases": [

    ],
    "minimum-stability": "dev",
    "stability-flags": {
        "integer-net/magento-localized-de": 20,
        "integer-net/magento-localized-ch": 20,
        "integer-net/magento-localized-at": 20,
        "integer-net/magento-localized-ru": 20,
        "riconeitzel/german-localepack-de-de": 20,
        "etws/et_russianlanguagepack": 20,
        "firegento/magesetup": 20,
        "firegento/pdf": 20,
        "magento-hackathon/localefallback": 20,
        "fbrnc/aoe_managestores": 20,
        "fbrnc/aoe_jscsststamp": 20,
        "avstudnitz/scopehint": 20,
        "avstudnitz/admin-notification-advanced": 20,
        "tim-reynolds/magento-qconfig": 20,
        "integer-net/removecustomeraccountlinks": 20,
        "integer-net/autoshipping": 20,
        "ikonoshirt/customadminnotifications": 20,
        "itabs/invoice": 20,
        "therouv/debitpayment": 20,
        "integer-net/magento-localized-ebay": 20,
        "billsafe/billsafe": 20
    },
    "platform": [

    ],
    "platform-dev": [

    ]
}
