{
    "_readme": [
        "This file locks the dependencies of your project to a known state",
        "Read more about it at http://getcomposer.org/doc/01-basic-usage.md#composer-lock-the-lock-file"
    ],
    "hash": "477e2d9ad4d8ad93d2f8d15fd178d7ef",
    "packages": [
        {
            "name": "avstudnitz/admin-notification-advanced",
            "version": "dev-master",
            "source": {
                "type": "git",
                "url": "git://github.com/avstudnitz/AvS_AdminNotificationAdvanced.git",
                "reference": "832639be08fcb8a53f48beef309ad6ee411be270"
            },
            "dist": {
                "type": "zip",
                "url": "https://github.com/avstudnitz/AvS_AdminNotificationAdvanced/zipball/832639be08fcb8a53f48beef309ad6ee411be270",
                "reference": "832639be08fcb8a53f48beef309ad6ee411be270",
                "shasum": ""
            },
            "require": {
                "magento-hackathon/magento-composer-installer": "*"
            },
            "type": "magento-module",
            "description": "Adds options to mark all messages unread or remove all messages from admin notification popup and toolbar.",
            "homepage": "https://github.com/avstudnitz/AvS_AdminNotificationAdvanced",
            "support": {
                "source": "https://github.com/avstudnitz/AvS_AdminNotificationAdvanced/tree/master",
                "issues": "https://github.com/avstudnitz/AvS_AdminNotificationAdvanced/issues"
            },
            "time": "2013-09-09 14:50:15"
        },
        {
            "name": "avstudnitz/scopehint",
            "version": "dev-master",
            "source": {
                "type": "git",
                "url": "git://github.com/avstudnitz/AvS_ScopeHint.git",
                "reference": "caccbdee242406264fb5a614a50f9181b28cdb93"
            },
            "dist": {
                "type": "zip",
                "url": "https://github.com/avstudnitz/AvS_ScopeHint/zipball/caccbdee242406264fb5a614a50f9181b28cdb93",
                "reference": "caccbdee242406264fb5a614a50f9181b28cdb93",
                "shasum": ""
            },
            "require": {
                "magento-hackathon/magento-composer-installer": "*"
            },
            "type": "magento-module",
            "description": "Creates a warning if a configuration setting, product data or category data is overwritten on a lower level (website or store view)",
            "homepage": "https://github.com/avstudnitz/AvS_ScopeHint",
            "support": {
                "source": "https://github.com/avstudnitz/AvS_ScopeHint/tree/master",
                "issues": "https://github.com/avstudnitz/AvS_ScopeHint/issues"
            },
            "time": "2014-04-11 10:53:01"
        },
        {
            "name": "billsafe/billsafe",
            "version": "v14.03.31",
            "source": {
                "type": "git",
                "url": "https://github.com/integer-net/BillSAFE.git",
                "reference": "d6b21cbfc7df61332bf5f53d49a427a67ef7f609"
            },
            "dist": {
                "type": "zip",
                "url": "https://api.github.com/repos/integer-net/BillSAFE/zipball/d6b21cbfc7df61332bf5f53d49a427a67ef7f609",
                "reference": "d6b21cbfc7df61332bf5f53d49a427a67ef7f609",
                "shasum": ""
            },
            "require": {
                "magento-hackathon/magento-composer-installer": "*"
            },
            "type": "magento-module",
            "description": "Payment module for invoice and rate payment",
            "homepage": "http://www.magentocommerce.com/magento-connect/billsafe-1.html",
            "support": {
                "source": "https://github.com/integer-net/BillSAFE/tree/v14.03.31",
                "issues": "https://github.com/integer-net/BillSAFE/issues"
            },
            "time": "2014-04-14 08:38:30"
        },
        {
            "name": "connect20/BankPayment",
            "version": "0.3.3",
            "dist": {
                "type": "tar",
                "url": "http://connect20.magentocommerce.com/community/BankPayment/0.3.3/BankPayment-0.3.3.tgz",
                "reference": null,
                "shasum": null
            },
            "require": {
                "magento-hackathon/magento-composer-installer": "*"
            },
            "type": "magento-module",
            "extra": {
                "package-xml": "package.xml"
            },
            "license": [
                "Open-Software-License-(OSL)"
            ],
            "authors": [
                {
                    "name": "Phoenix Medien",
                    "email": "info@phoenix-medien.de"
                }
            ],
            "description": "Bank prepayment module which notifies the buyer to which bank account he has to transfer the money."
        },
        {
            "name": "connect20/CashOnDelivery",
            "version": "0.4.3",
            "dist": {
                "type": "tar",
                "url": "http://connect20.magentocommerce.com/community/CashOnDelivery/0.4.3/CashOnDelivery-0.4.3.tgz",
                "reference": null,
                "shasum": null
            },
            "require": {
                "magento-hackathon/magento-composer-installer": "*"
            },
            "type": "magento-module",
            "extra": {
                "package-xml": "package.xml"
            },
            "license": [
                "Open-Software-License-(OSL)"
            ],
            "authors": [
                {
                    "name": "Phoenix Medien",
                    "email": "info@phoenix-medien.de"
                }
            ],
            "description": "Cash on Delivery allows to book additional fee on delivery depending on inland or international delivery."
        },
        {
            "name": "connect20/DerModPro_BasePrice",
            "version": "0.3.0",
            "dist": {
                "type": "tar",
                "url": "http://connect20.magentocommerce.com/community/DerModPro_BasePrice/0.3.0/DerModPro_BasePrice-0.3.0.tgz",
                "reference": null,
                "shasum": null
            },
            "require": {
                "magento-hackathon/magento-composer-installer": "*"
            },
            "type": "magento-module",
            "extra": {
                "package-xml": "package.xml"
            },
            "license": [
                "OSL-v3.0"
            ],
            "authors": [
                {
                    "name": "Vinai Kopp",
                    "email": "info@der-modulprogrammierer.de"
                }
            ],
            "description": "This extension enables you to display the base price for products.  E.g. if you sell\ndifferent quantities of oil, you can enter the amount each bottle contains (like 250ml)\nand a reference unit (like liter), and the price per liter is calculated and displayed."
        },
        {
            "name": "connect20/Locale_Mage_community_fr_FR",
            "version": "1.7.0.1",
            "dist": {
                "type": "tar",
                "url": "http://connect20.magentocommerce.com/community/Locale_Mage_community_fr_FR/1.7.0.1/Locale_Mage_community_fr_FR-1.7.0.1.tgz",
                "reference": null,
                "shasum": null
            },
            "require": {
                "magento-hackathon/magento-composer-installer": "*"
            },
            "type": "magento-module",
            "extra": {
                "package-xml": "package.xml"
            },
            "license": [
                "AFL-v3.0"
            ],
            "authors": [
                {
                    "name": "SeL",
                    "email": "seb.lepers@gmail.com"
                }
            ],
            "description": "Magento Community Modules - French (France) Language Pack"
        },
        {
            "name": "connect20/Locale_Mage_community_it_IT",
            "version": "1.8.1.00",
            "dist": {
                "type": "tar",
                "url": "http://connect20.magentocommerce.com/community/Locale_Mage_community_it_IT/1.8.1.0.0/Locale_Mage_community_it_IT-1.8.1.0.0.tgz",
                "reference": null,
                "shasum": null
            },
            "require": {
                "magento-hackathon/magento-composer-installer": "*"
            },
            "type": "magento-module",
            "extra": {
                "package-xml": "package.xml"
            },
            "license": [
                "AFL"
            ],
            "authors": [
                {
                    "name": "Antonio Carboni",
                    "email": "magento@antoniocarboni.com"
                }
            ],
            "description": "Magento Community Modules -  Pacchetto di lingua italiano (Italia)&#xD;\n"
        },
        {
            "name": "ess/m2e-pro",
            "version": "v6.1.0",
            "source": {
                "type": "git",
                "url": "https://github.com/integer-net/M2E.git",
                "reference": "8e3155d204b2f7aa61a5d399d9f8af652d437b5a"
            },
            "dist": {
                "type": "zip",
                "url": "https://api.github.com/repos/integer-net/M2E/zipball/8e3155d204b2f7aa61a5d399d9f8af652d437b5a",
                "reference": "8e3155d204b2f7aa61a5d399d9f8af652d437b5a",
                "shasum": ""
            },
            "require": {
                "magento-hackathon/magento-composer-installer": "*"
            },
            "type": "magento-module",
            "description": "eBay/Amazon/Rakuten/PLAY.COM Magento Integration - Order Importing and Stock Level Synchronization",
            "homepage": "http://www.magentocommerce.com/magento-connect/ebay-magento-integration-order-importing-and-stock-level-synchronization.html",
            "support": {
                "source": "https://github.com/integer-net/M2E/tree/v6.1.0",
                "issues": "https://github.com/integer-net/M2E/issues"
            },
            "time": "2014-01-23 12:37:05"
        },
        {
            "name": "etws/et_russianlanguagepack",
            "version": "dev-master",
            "source": {
                "type": "git",
                "url": "https://bitbucket.org/etws/et_russianlanguagepack.git",
                "reference": "9fd59daece1c9148d532688ed5837156de026b72"
            },
            "dist": {
                "type": "zip",
                "url": "https://bitbucket.org/etws/et_russianlanguagepack/get/9fd59daece1c9148d532688ed5837156de026b72.zip",
                "reference": "9fd59daece1c9148d532688ed5837156de026b72",
                "shasum": ""
            },
            "require": {
                "magento-hackathon/magento-composer-installer": "*"
            },
            "type": "magento-module",
            "authors": [
                {
                    "name": "ET Web Solutions"
                }
            ],
            "description": "ET Russian Language Pack",
            "homepage": "http://shop.etwebsolutions.com/eng/magento-extensions/et-russian-language-pack.html",
            "time": "2014-04-01 08:54:08"
        },
        {
            "name": "fbrnc/aoe_managestores",
            "version": "dev-master",
            "source": {
                "type": "git",
                "url": "git://github.com/fbrnc/Aoe_ManageStores.git",
                "reference": "v0.2.1"
            },
            "dist": {
                "type": "zip",
                "url": "https://github.com/fbrnc/Aoe_ManageStores/zipball/v0.2.1",
                "reference": "v0.2.1",
                "shasum": ""
            },
            "require": {
                "magento-hackathon/magento-composer-installer": "*"
            },
            "type": "magento-module",
            "license": [
                "OSL-3.0"
            ],
            "authors": [
                {
                    "name": "Fabrizio Branca",
                    "email": "mail@{firstname}-{lastname}.de"
                }
            ],
            "description": "Better stores management interface for Magento.",
            "homepage": "https://github.com/fbrnc/Aoe_ManageStores",
            "support": {
                "source": "https://github.com/fbrnc/Aoe_ManageStores/tree/v0.2.1",
                "issues": "https://github.com/fbrnc/Aoe_ManageStores/issues"
            },
            "time": "2013-03-09 06:03:05"
        },
        {
            "name": "firegento/magesetup",
            "version": "dev-master",
            "source": {
                "type": "git",
                "url": "git://github.com/firegento/firegento-magesetup.git",
                "reference": "3d79deb88995517dc00d302bba704a33c43dd8ea"
            },
            "dist": {
                "type": "zip",
                "url": "https://github.com/firegento/firegento-magesetup/zipball/3d79deb88995517dc00d302bba704a33c43dd8ea",
                "reference": "3d79deb88995517dc00d302bba704a33c43dd8ea",
                "shasum": ""
            },
            "require": {
                "magento-hackathon/magento-composer-installer": "*"
            },
            "require-dev": {
                "ecomdev/mage-ci": "master-dev"
            },
            "type": "magento-module",
            "extra": {
                "magento-root-dir": "test/",
                "magento_connect": {
                    "name": "FireGento_MageSetup",
                    "summary": "MageSetup configures a shop for a national market. It creates configuration and tax settings, email templates, cms blocks and pages.",
                    "channel": "community",
                    "php_min": "5.3.0",
                    "php_max": "7.9.9",
                    "stability": "stable",
                    "license_uri": "http://www.gnu.org/licenses/gpl-3.0.html",
                    "content": [
                        {
                            "type": "magecommunity",
                            "structure": "dir",
                            "path": "FireGento/MageSetup"
                        },
                        {
                            "type": "mageetc",
                            "structure": "file",
                            "path": "modules/FireGento_MageSetup.xml"
                        },
                        {
                            "type": "magelocale",
                            "structure": "file",
                            "path": "de_AT/FireGento_MageSetup.csv"
                        },
                        {
                            "type": "magelocale",
                            "structure": "dir",
                            "path": "de_CH/template/magesetup"
                        },
                        {
                            "type": "magelocale",
                            "structure": "file",
                            "path": "de_DE/FireGento_MageSetup.csv"
                        },
                        {
                            "type": "magelocale",
                            "structure": "dir",
                            "path": "de_DE/template/magesetup"
                        },
                        {
                            "type": "magelocale",
                            "structure": "file",
                            "path": "en_US/FireGento_MageSetup.csv"
                        },
                        {
                            "type": "magelocale",
                            "structure": "dir",
                            "path": "en_US/template/magesetup"
                        },
                        {
                            "type": "magelocale",
                            "structure": "file",
                            "path": "ru_RU/FireGento_MageSetup.csv"
                        },
                        {
                            "type": "magelocale",
                            "structure": "dir",
                            "path": "ru_RU/template/magesetup"
                        },
                        {
                            "type": "magelocale",
                            "structure": "dir",
                            "path": "fr_CH/template/magesetup"
                        },
                        {
                            "type": "magelocale",
                            "structure": "file",
                            "path": "fr_FR/FireGento_MageSetup.csv"
                        },
                        {
                            "type": "magelocale",
                            "structure": "dir",
                            "path": "fr_FR/template/magesetup"
                        },
                        {
                            "type": "magelocale",
                            "structure": "file",
                            "path": "it_IT/FireGento_MageSetup.csv"
                        },
                        {
                            "type": "magelocale",
                            "structure": "dir",
                            "path": "it_IT/template/magesetup"
                        },
                        {
                            "type": "magedesign",
                            "structure": "file",
                            "path": "adminhtml/default/default/layout/magesetup.xml"
                        },
                        {
                            "type": "magedesign",
                            "structure": "dir",
                            "path": "adminhtml/default/default/template/magesetup"
                        },
                        {
                            "type": "magedesign",
                            "structure": "file",
                            "path": "frontend/base/default/layout/magesetup.xml"
                        },
                        {
                            "type": "magedesign",
                            "structure": "dir",
                            "path": "frontend/base/default/template/magesetup"
                        },
                        {
                            "type": "mageskin",
                            "structure": "dir",
                            "path": "frontend/base/default/css/magesetup"
                        }
                    ]
                }
            },
            "license": [
                "GPL-3.0"
            ],
            "authors": [
                {
                    "name": "Team FireGento",
                    "email": "team@firegento.com"
                }
            ],
            "description": "<p>Central features of MageSetup are:</p><ul><li>Setting of important configuration settings</li><li>Predefined tax settings and tax classes for shipping from several countries to worldwide destinations</li><li>Assign new tax classes to all products (configurable)</li><li>Creation of email templates based on the local language pack. Legal texts can be added to some templates automatically.</li><li>Creation and Activation of Checkout Agreements. Agreements can be shown at customer registration instead of or additional to the checkout. They can be required or not.</li><li>Creation of default CMS pages like imprint, terms and conditions, privacy, shipping, payment methods.</li><li>Create email templates, cms pages and blocks as well as checkout agreements for store views with a different language as well</li><li>Possibility to add tax and/or shipping info to all prices</li><li>Automatical generation of meta data to products</li><li>Saving of every status change of newsletter subscriptions</li><li>Presets are configurable via xml files for every country seperately</li><li>Many more, see the <a href=\"https://github.com/firegento/firegento-magesetup/blob/development/docs/features/features.markdown\">full list of features</a> including several screenshots.</li></ul>",
            "homepage": "https://github.com/firegento/firegento-magesetup",
            "support": {
                "source": "https://github.com/firegento/firegento-magesetup/tree/master",
                "issues": "https://github.com/firegento/firegento-magesetup/issues"
            },
            "time": "2014-02-17 16:37:12"
        },
        {
            "name": "firegento/pdf",
            "version": "dev-master",
            "source": {
                "type": "git",
                "url": "git://github.com/firegento/firegento-pdf.git",
                "reference": "37ec1a964a1fc72140869c35b7a38c0a2f4382b3"
            },
            "dist": {
                "type": "zip",
                "url": "https://github.com/firegento/firegento-pdf/zipball/37ec1a964a1fc72140869c35b7a38c0a2f4382b3",
                "reference": "37ec1a964a1fc72140869c35b7a38c0a2f4382b3",
                "shasum": ""
            },
            "require": {
                "magento-hackathon/magento-composer-installer": "*"
            },
            "type": "magento-module",
            "license": [
                "GPL-3.0"
            ],
            "description": "FireGento Pdf overwrites standard PDF layouts for invoices and shipments.",
            "homepage": "https://github.com/firegento/firegento-pdf",
            "support": {
                "source": "https://github.com/firegento/firegento-pdf/tree/development",
                "issues": "https://github.com/firegento/firegento-pdf/issues"
            },
            "time": "2014-01-27 16:13:27"
        },
        {
            "name": "ikonoshirt/customadminnotifications",
            "version": "dev-master",
            "source": {
                "type": "git",
                "url": "https://github.com/ikonoshirt/CustomAdminNotifications.git",
                "reference": "d52d2a9b5232cd28e8372e8d851763a4997f8772"
            },
            "dist": {
                "type": "zip",
                "url": "https://api.github.com/repos/ikonoshirt/CustomAdminNotifications/zipball/d52d2a9b5232cd28e8372e8d851763a4997f8772",
                "reference": "d52d2a9b5232cd28e8372e8d851763a4997f8772",
                "shasum": ""
            },
            "require": {
                "magento-hackathon/magento-composer-installer": "*"
            },
            "type": "magento-module",
            "description": "Add own RSS Feeds to admin notifications.",
            "homepage": "https://github.com/ikonoshirt/CustomAdminNotifications",
            "support": {
                "source": "https://github.com/ikonoshirt/CustomAdminNotifications/tree/master",
                "issues": "https://github.com/ikonoshirt/CustomAdminNotifications/issues"
            },
            "time": "2014-04-16 10:26:29"
        },
        {
            "name": "integer-net/autoshipping",
            "version": "dev-master",
            "source": {
                "type": "git",
                "url": "git://github.com/integer-net/Autoshipping.git",
                "reference": "3fd94e82fa7f3020e275e2e76f2ea76ef59e3761"
            },
            "dist": {
                "type": "zip",
                "url": "https://github.com/integer-net/Autoshipping/zipball/3fd94e82fa7f3020e275e2e76f2ea76ef59e3761",
                "reference": "3fd94e82fa7f3020e275e2e76f2ea76ef59e3761",
                "shasum": ""
            },
            "require": {
                "magento-hackathon/magento-composer-installer": "*"
            },
            "type": "magento-module",
            "description": "Provide shipping costs in Magento Cart, plus the ability to change the country there",
            "homepage": "https://github.com/integer-net/Autoshipping",
            "support": {
                "source": "https://github.com/integer-net/Autoshipping/tree/master",
                "issues": "https://github.com/integer-net/Autoshipping/issues"
            },
            "time": "2013-08-05 08:22:19"
        },
        {
            "name": "integer-net/magento-localized-at",
            "version": "dev-master",
            "source": {
                "type": "git",
                "url": "https://github.com/integer-net/MagentoLocalizedAT.git",
                "reference": "04e5683865c2783eafb21976786149605e09c717"
            },
            "dist": {
                "type": "zip",
                "url": "https://api.github.com/repos/integer-net/MagentoLocalizedAT/zipball/04e5683865c2783eafb21976786149605e09c717",
                "reference": "04e5683865c2783eafb21976786149605e09c717",
                "shasum": ""
            },
            "require": {
                "magento-hackathon/magento-composer-installer": "*"
            },
            "type": "magento-module",
            "description": "Austrian Localization package for Magento Localized (aka Magento AT)",
            "homepage": "https://github.com/integer-net/MagentoLocalizedAT",
            "support": {
                "source": "https://github.com/integer-net/MagentoLocalizedAT/tree/master",
                "issues": "https://github.com/integer-net/MagentoLocalizedAT/issues"
            },
            "time": "2014-04-16 13:13:01"
        },
        {
            "name": "integer-net/magento-localized-ch",
            "version": "dev-master",
            "source": {
                "type": "git",
                "url": "https://github.com/integer-net/MagentoLocalizedCH.git",
                "reference": "fcef8bdf7945cb49be33146b2f90117710b2c60e"
            },
            "dist": {
                "type": "zip",
                "url": "https://api.github.com/repos/integer-net/MagentoLocalizedCH/zipball/fcef8bdf7945cb49be33146b2f90117710b2c60e",
                "reference": "fcef8bdf7945cb49be33146b2f90117710b2c60e",
                "shasum": ""
            },
            "require": {
                "magento-hackathon/magento-composer-installer": "*"
            },
            "type": "magento-module",
            "description": "Swiss Localization package for Magento Localized (aka Magento CH)",
            "homepage": "https://github.com/integer-net/MagentoLocalizedCH",
            "support": {
                "source": "https://github.com/integer-net/MagentoLocalizedCH/tree/master",
                "issues": "https://github.com/integer-net/MagentoLocalizedCH/issues"
            },
            "time": "2014-04-16 13:13:40"
        },
        {
            "name": "integer-net/magento-localized-de",
            "version": "dev-master",
            "source": {
                "type": "git",
                "url": "https://github.com/integer-net/MagentoLocalizedDE.git",
                "reference": "15991cb4ee086e30691b442a1859b6a595d6b437"
            },
            "dist": {
                "type": "zip",
                "url": "https://api.github.com/repos/integer-net/MagentoLocalizedDE/zipball/15991cb4ee086e30691b442a1859b6a595d6b437",
                "reference": "15991cb4ee086e30691b442a1859b6a595d6b437",
                "shasum": ""
            },
            "require": {
                "magento-hackathon/magento-composer-installer": "*"
            },
            "type": "magento-module",
            "description": "German Localization package for Magento Localized (aka Magento DE)",
            "homepage": "https://github.com/integer-net/MagentoLocalizedDE",
            "support": {
                "source": "https://github.com/integer-net/MagentoLocalizedDE/tree/master",
                "issues": "https://github.com/integer-net/MagentoLocalizedDE/issues"
            },
            "time": "2014-04-16 13:14:03"
        },
        {
            "name": "integer-net/magento-localized-ebay",
            "version": "dev-master",
            "source": {
                "type": "git",
                "url": "https://github.com/integer-net/MagentoLocalizedEbay.git",
                "reference": "4c9ce9ecbc8348319a441dbbe8b5239cf05e5e93"
            },
            "dist": {
                "type": "zip",
                "url": "https://api.github.com/repos/integer-net/MagentoLocalizedEbay/zipball/4c9ce9ecbc8348319a441dbbe8b5239cf05e5e93",
                "reference": "4c9ce9ecbc8348319a441dbbe8b5239cf05e5e93",
                "shasum": ""
            },
            "require": {
                "magento-hackathon/magento-composer-installer": "*"
            },
            "type": "magento-module",
            "description": "Ebay edition package for Magento Localized",
            "homepage": "https://github.com/integer-net/MagentoLocalizedEbay",
            "support": {
                "source": "https://github.com/integer-net/MagentoLocalizedEbay/tree/master",
                "issues": "https://github.com/integer-net/MagentoLocalizedEbay/issues"
            },
            "time": "2014-04-16 14:19:17"
        },
        {
            "name": "integer-net/magento-localized-ru",
            "version": "dev-master",
            "source": {
                "type": "git",
                "url": "https://github.com/integer-net/MagentoLocalizedRU.git",
                "reference": "7d1b6b272ebea6c6b819be8334ec5ddca1147d46"
            },
            "dist": {
                "type": "zip",
                "url": "https://api.github.com/repos/integer-net/MagentoLocalizedRU/zipball/7d1b6b272ebea6c6b819be8334ec5ddca1147d46",
                "reference": "7d1b6b272ebea6c6b819be8334ec5ddca1147d46",
                "shasum": ""
            },
            "require": {
                "magento-hackathon/magento-composer-installer": "*"
            },
            "type": "magento-module",
            "description": "Russian Localization package for Magento Localized (aka Magento RU)",
            "homepage": "https://github.com/integer-net/MagentoLocalizedRU",
            "support": {
                "source": "https://github.com/integer-net/MagentoLocalizedRU/tree/master",
                "issues": "https://github.com/integer-net/MagentoLocalizedRU/issues"
            },
            "time": "2014-04-16 13:14:16"
        },
        {
            "name": "integer-net/removecustomeraccountlinks",
            "version": "dev-master",
            "source": {
                "type": "git",
                "url": "git://github.com/integer-net/RemoveCustomerAccountLinks.git",
                "reference": "e00478be803870dcd10542096e01bfbe1200ea7f"
            },
            "dist": {
                "type": "zip",
                "url": "https://github.com/integer-net/RemoveCustomerAccountLinks/zipball/e00478be803870dcd10542096e01bfbe1200ea7f",
                "reference": "e00478be803870dcd10542096e01bfbe1200ea7f",
                "shasum": ""
            },
            "require": {
                "magento-hackathon/magento-composer-installer": "*"
            },
            "type": "magento-module",
            "extra": {
                "map": [
                    [
                        "src/app/code/community/IntegerNet/RemoveCustomerAccountLinks",
                        "app/code/community/IntegerNet/RemoveCustomerAccountLinks"
                    ],
                    [
                        "src/app/etc/modules/IntegerNet_RemoveCustomerAccountLinks.xml",
                        "app/etc/modules/IntegerNet_RemoveCustomerAccountLinks.xml"
                    ],
                    [
                        "src/app/locale/de_DE/IntegerNet_RemoveCustomerAccountLinks.csv",
                        "app/locale/de_DE/IntegerNet_RemoveCustomerAccountLinks.csv"
                    ],
                    [
                        "src/app/locale/en_US/IntegerNet_RemoveCustomerAccountLinks.csv",
                        "app/locale/en_US/IntegerNet_RemoveCustomerAccountLinks.csv"
                    ]
                ],
                "magento_connect": {
                    "name": "IntegerNet_RemoveCustomerAccountLinks",
                    "license_uri": "http://opensource.org/licenses/osl-3.0.php",
                    "channel": "community",
                    "php_min": "5.2.0",
                    "php_max": "7.9.9",
                    "stability": "stable",
                    "content": [
                        {
                            "type": "magecommunity",
                            "structure": "dir",
                            "path": "IntegerNet/RemoveCustomerAccountLinks"
                        },
                        {
                            "type": "mageetc",
                            "structure": "file",
                            "path": "modules/IntegerNet_RemoveCustomerAccountLinks.xml"
                        },
                        {
                            "type": "magelocale",
                            "structure": "file",
                            "path": "de_DE/IntegerNet_RemoveCustomerAccountLinks.csv"
                        },
                        {
                            "type": "magelocale",
                            "structure": "file",
                            "path": "en_US/IntegerNet_RemoveCustomerAccountLinks.csv"
                        }
                    ]
                }
            },
            "license": [
                "OSL-3.0"
            ],
            "authors": [
                {
                    "name": "integer_net GmbH",
                    "email": "info@integer-net.de",
                    "homepage": "http://www.integer-net.de/",
                    "role": "Company"
                },
                {
                    "name": "Christian Philipp",
                    "email": "cp@integer-net.de",
                    "homepage": "http://www.integer-net.de/",
                    "role": "Developer"
                },
                {
                    "name": "Viktor Franz",
                    "email": "vf@integer-net.de",
                    "homepage": "http://www.integer-net.de/",
                    "role": "Developer"
                }
            ],
            "description": "Removes customer account links in Magento.",
            "homepage": "https://github.com/integer-net/RemoveCustomerAccountLinks",
            "keywords": [
                "account",
                "customer",
                "magento"
            ],
            "support": {
                "source": "https://github.com/integer-net/RemoveCustomerAccountLinks/tree/dev",
                "issues": "https://github.com/integer-net/RemoveCustomerAccountLinks/issues"
            },
            "time": "2014-01-12 13:25:57"
        },
        {
            "name": "itabs/invoice",
            "version": "dev-master",
            "source": {
                "type": "git",
                "url": "git://github.com/itabs/Itabs_Invoice.git",
                "reference": "a9d06e1046e1e320d3e718c6326d6c601319d046"
            },
            "dist": {
                "type": "zip",
                "url": "https://github.com/itabs/Itabs_Invoice/zipball/a9d06e1046e1e320d3e718c6326d6c601319d046",
                "reference": "a9d06e1046e1e320d3e718c6326d6c601319d046",
                "shasum": ""
            },
            "require": {
                "magento-hackathon/magento-composer-installer": "*"
            },
            "type": "magento-module",
            "license": [
                "OSL-3.0"
            ],
            "authors": [
                {
                    "name": "Rouven Alexander Rieker",
                    "email": "therouv@googlemail.com"
                }
            ],
            "description": "Provides the payment method Invoice",
            "homepage": "https://github.com/itabs/Itabs_Invoice",
            "support": {
                "source": "https://github.com/itabs/Itabs_Invoice/tree/master",
                "issues": "https://github.com/itabs/Itabs_Invoice/issues"
            },
            "time": "2014-04-01 20:28:30"
        },
        {
            "name": "magento-hackathon/hackathon_magemonitoring",
            "version": "dev-master",
            "source": {
                "type": "git",
                "url": "git://github.com/magento-hackathon/Hackathon_MageMonitoring.git",
                "reference": "4473643791d69f84fd066697b3bedfdcb26ba956"
            },
            "dist": {
                "type": "zip",
                "url": "https://github.com/magento-hackathon/Hackathon_MageMonitoring/zipball/4473643791d69f84fd066697b3bedfdcb26ba956",
                "reference": "4473643791d69f84fd066697b3bedfdcb26ba956",
                "shasum": ""
            },
            "require": {
                "magento-hackathon/magento-composer-installer": "*"
            },
            "type": "magento-module",
            "license": [
                "OSL-3.0"
            ],
            "authors": [
                {
                    "name": "diglin"
                },
                {
                    "name": "Zifius"
                },
                {
                    "name": "edannenberg"
                },
                {
                    "name": "Gribnik"
                }
            ],
            "description": "Magento Monitoring Module to get information about the current installation (Server,Cache,PHP,Rewrites,Logs,...)",
            "homepage": "https://github.com/magento-hackathon/Hackathon_MageMonitoring.git",
            "support": {
                "source": "https://github.com/magento-hackathon/Hackathon_MageMonitoring/tree/master",
                "issues": "https://github.com/magento-hackathon/Hackathon_MageMonitoring/issues"
            },
            "time": "2014-02-11 11:03:55"
        },
        {
            "name": "magento-hackathon/localefallback",
            "version": "dev-master",
            "source": {
                "type": "git",
                "url": "git://github.com/magento-hackathon/Hackathon_LocaleFallback.git",
                "reference": "1199bbb8b4917c8a189df4a01a3cf85fca0cbf8e"
            },
            "dist": {
                "type": "zip",
                "url": "https://github.com/magento-hackathon/Hackathon_LocaleFallback/zipball/1199bbb8b4917c8a189df4a01a3cf85fca0cbf8e",
                "reference": "1199bbb8b4917c8a189df4a01a3cf85fca0cbf8e",
                "shasum": ""
            },
            "require": {
                "magento-hackathon/magento-composer-installer": "*"
            },
            "type": "magento-module",
            "license": [
                "OSL-3.0"
            ],
            "description": "Allows a fallback for locales (translations, emails etc.)",
            "homepage": "https://github.com/magento-hackathon/Hackathon_LocaleFallback",
            "support": {
                "source": "https://github.com/magento-hackathon/Hackathon_LocaleFallback/tree/master"
            },
            "time": "2013-08-28 11:34:43"
        },
        {
            "name": "magento-hackathon/magento-composer-installer",
            "version": "dev-master",
            "source": {
                "type": "git",
                "url": "git://github.com/magento-hackathon/magento-composer-installer.git",
                "reference": "2.0.0-beta2"
            },
            "dist": {
                "type": "zip",
                "url": "https://github.com/magento-hackathon/magento-composer-installer/zipball/2.0.0-beta2",
                "reference": "2.0.0-beta2",
                "shasum": ""
            },
            "require-dev": {
                "composer/composer": "*@dev",
                "mikey179/vfsstream": "*",
                "phpunit/phpunit": "*",
                "symfony/process": "*"
            },
            "suggest": {
                "magento-hackathon/composer-command-integrator": "*"
            },
            "type": "composer-installer",
            "extra": {
                "composer-command-registry": [
                    "MagentoHackathon\\Composer\\Magento\\Command\\DeployCommand"
                ],
                "class": "MagentoHackathon\\Composer\\Magento\\Installer"
            },
            "autoload": {
                "psr-0": {
                    "MagentoHackathon\\Composer\\Magento": "src/"
                }
            },
            "license": [
                "OSL-3.0"
            ],
            "authors": [
                {
                    "name": "Daniel Fahlke aka Flyingmana",
                    "email": "flyingmana@googlemail.com"
                },
                {
                    "name": "Jörg Weller",
                    "email": "weller@flagbit.de"
                },
                {
                    "name": "Karl Spies",
                    "email": "karl.spies@gmx.net"
                },
                {
                    "name": "Tobias Vogt",
                    "email": "tobi@webguys.de"
                },
                {
                    "name": "David Fuhr",
                    "email": "fuhr@flagbit.de"
                },
                {
                    "name": "Vinai Kopp",
                    "email": "vinai@netzarbeiter.com"
                }
            ],
            "description": "Composer installer for Magento modules",
            "homepage": "https://github.com/magento-hackathon/magento-composer-installer",
            "keywords": [
                "composer-installer",
                "magento"
            ],
            "support": {
                "source": "https://github.com/magento-hackathon/magento-composer-installer/tree/2.0.0-beta2",
                "issues": "https://github.com/magento-hackathon/magento-composer-installer/issues"
            },
            "time": "2014-04-12 01:05:17"
        },
        {
            "name": "openstream/rappenrounding",
            "version": "dev-master",
            "source": {
                "type": "git",
                "url": "git://github.com/openstream/Magento5CentRounding.git",
                "reference": "6ea8f326bf5ca4949f19f5c7856377d0f7a757df"
            },
            "dist": {
                "type": "zip",
                "url": "https://github.com/openstream/Magento5CentRounding/zipball/6ea8f326bf5ca4949f19f5c7856377d0f7a757df",
                "reference": "6ea8f326bf5ca4949f19f5c7856377d0f7a757df",
                "shasum": ""
            },
            "require": {
                "magento-hackathon/magento-composer-installer": "*"
            },
            "type": "magento-module",
            "description": "Magento 5-Rappen-Rundung for Swiss Magento Merchants",
            "homepage": "https://github.com/avstudnitz/Magento5CentRounding",
            "support": {
                "source": "https://github.com/openstream/Magento5CentRounding/tree/master",
                "issues": "https://github.com/openstream/Magento5CentRounding/issues"
            },
            "time": "2013-08-20 19:53:09"
        },
        {
            "name": "riconeitzel/german-localepack-de-de",
            "version": "dev-preview",
            "source": {
                "type": "git",
                "url": "git://github.com/riconeitzel/German_LocalePack_de_DE.git",
                "reference": "3f482c83660952b07edcd95780215a003ce0e266"
            },
            "dist": {
                "type": "zip",
                "url": "https://github.com/riconeitzel/German_LocalePack_de_DE/zipball/3f482c83660952b07edcd95780215a003ce0e266",
                "reference": "3f482c83660952b07edcd95780215a003ce0e266",
                "shasum": ""
            },
            "require": {
                "magento-hackathon/magento-composer-installer": "*"
            },
            "type": "magento-module",
            "license": [
                "OSL-3.0"
            ],
            "authors": [
                {
                    "name": "Rico Neitzel"
                },
                {
                    "name": "Daniel Sasse"
                }
            ],
            "description": "German Community Translation",
            "support": {
                "source": "https://github.com/riconeitzel/German_LocalePack_de_DE/tree/preview",
                "issues": "https://github.com/riconeitzel/German_LocalePack_de_DE/issues"
            },
            "time": "2014-02-21 11:03:48"
        },
        {
            "name": "therouv/debitpayment",
            "version": "dev-master",
            "source": {
                "type": "git",
                "url": "git://github.com/therouv/Magento-DebitPayment.git",
                "reference": "1.0.5"
            },
            "dist": {
                "type": "zip",
                "url": "https://github.com/therouv/Magento-DebitPayment/zipball/1.0.5",
                "reference": "1.0.5",
                "shasum": ""
            },
            "require": {
                "magento-hackathon/magento-composer-installer": "*"
            },
            "type": "magento-module",
            "license": [
                "OSL-3.0"
            ],
            "authors": [
                {
                    "name": "Rouven Alexander Rieker",
                    "email": "therouv@googlemail.com"
                }
            ],
            "description": "Provides the payment method DebitPayment",
            "homepage": "https://github.com/therouv/Magento-DebitPayment",
            "support": {
                "source": "https://github.com/therouv/Magento-DebitPayment/tree/1.0.5",
                "issues": "https://github.com/therouv/Magento-DebitPayment/issues"
            },
            "time": "2013-09-23 15:42:41"
        },
        {
            "name": "tim-reynolds/magento-qconfig",
            "version": "dev-master",
            "source": {
                "type": "git",
                "url": "git://github.com/tim-reynolds/magento-qconfig.git",
                "reference": "1.0"
            },
            "dist": {
                "type": "zip",
                "url": "https://github.com/tim-reynolds/magento-qconfig/zipball/1.0",
                "reference": "1.0",
                "shasum": ""
            },
            "require": {
                "magento-hackathon/magento-composer-installer": "*"
            },
            "type": "magento-module",
            "license": [
                "OSL-3.0"
            ],
            "authors": [
                {
                    "name": "Tim Reynolds"
                }
            ],
            "description": "Magento config quick search",
            "homepage": "https://github.com/tim-reynolds/",
            "support": {
                "source": "https://github.com/tim-reynolds/magento-qconfig/tree/1.0",
                "issues": "https://github.com/tim-reynolds/magento-qconfig/issues"
            },
            "time": "2013-07-31 19:42:16"
        }
    ],
    "packages-dev": [

    ],
    "aliases": [

    ],
    "minimum-stability": "dev",
    "stability-flags": {
        "integer-net/magento-localized-de": 20,
        "integer-net/magento-localized-ch": 20,
        "integer-net/magento-localized-at": 20,
        "integer-net/magento-localized-ru": 20,
        "riconeitzel/german-localepack-de-de": 20,
        "etws/et_russianlanguagepack": 20,
        "firegento/magesetup": 20,
        "firegento/pdf": 20,
        "magento-hackathon/localefallback": 20,
        "fbrnc/aoe_managestores": 20,
        "avstudnitz/scopehint": 20,
        "avstudnitz/admin-notification-advanced": 20,
        "tim-reynolds/magento-qconfig": 20,
        "integer-net/removecustomeraccountlinks": 20,
        "integer-net/autoshipping": 20,
        "ikonoshirt/customadminnotifications": 20,
        "openstream/rappenrounding": 20,
        "magento-hackathon/hackathon_magemonitoring": 20,
        "itabs/invoice": 20,
        "therouv/debitpayment": 20,
        "integer-net/magento-localized-ebay": 20
    },
    "platform": [

    ],
    "platform-dev": [

    ]
}
